// !$*UTF8*$!
{
	archiveVersion = 1;
	classes = {
	};
	objectVersion = 55;
	objects = {

/* Begin PBXBuildFile section */
		5D4B0560283701E500A638A1 /* DismissibleModalApp.swift in Sources */ = {isa = PBXBuildFile; fileRef = 5D4B055F283701E500A638A1 /* DismissibleModalApp.swift */; };
		5D4B0562283701E500A638A1 /* ContentView.swift in Sources */ = {isa = PBXBuildFile; fileRef = 5D4B0561283701E500A638A1 /* ContentView.swift */; };
		5D4B0564283701EB00A638A1 /* Assets.xcassets in Resources */ = {isa = PBXBuildFile; fileRef = 5D4B0563283701EB00A638A1 /* Assets.xcassets */; };
		5D4B0567283701EB00A638A1 /* Preview Assets.xcassets in Resources */ = {isa = PBXBuildFile; fileRef = 5D4B0566283701EB00A638A1 /* Preview Assets.xcassets */; };
		5D4B056E283704AE00A638A1 /* ModalView.swift in Sources */ = {isa = PBXBuildFile; fileRef = 5D4B056D283704AE00A638A1 /* ModalView.swift */; };
		5D4B0570283704E700A638A1 /* PushedModalView.swift in Sources */ = {isa = PBXBuildFile; fileRef = 5D4B056F283704E700A638A1 /* PushedModalView.swift */; };
		5D4B05722837051E00A638A1 /* CloseButton.swift in Sources */ = {isa = PBXBuildFile; fileRef = 5D4B05712837051E00A638A1 /* CloseButton.swift */; };
		5D4B05742837058200A638A1 /* DismissibleModalModifiers.swift in Sources */ = {isa = PBXBuildFile; fileRef = 5D4B05732837058200A638A1 /* DismissibleModalModifiers.swift */; };
/* End PBXBuildFile section */

/* Begin PBXFileReference section */
		5D4B055C283701E500A638A1 /* DismissibleModal.app */ = {isa = PBXFileReference; explicitFileType = wrapper.application; includeInIndex = 0; path = DismissibleModal.app; sourceTree = BUILT_PRODUCTS_DIR; };
		5D4B055F283701E500A638A1 /* DismissibleModalApp.swift */ = {isa = PBXFileReference; lastKnownFileType = sourcecode.swift; path = DismissibleModalApp.swift; sourceTree = "<group>"; };
		5D4B0561283701E500A638A1 /* ContentView.swift */ = {isa = PBXFileReference; lastKnownFileType = sourcecode.swift; path = ContentView.swift; sourceTree = "<group>"; };
		5D4B0563283701EB00A638A1 /* Assets.xcassets */ = {isa = PBXFileReference; lastKnownFileType = folder.assetcatalog; path = Assets.xcassets; sourceTree = "<group>"; };
		5D4B0566283701EB00A638A1 /* Preview Assets.xcassets */ = {isa = PBXFileReference; lastKnownFileType = folder.assetcatalog; path = "Preview Assets.xcassets"; sourceTree = "<group>"; };
		5D4B056D283704AE00A638A1 /* ModalView.swift */ = {isa = PBXFileReference; lastKnownFileType = sourcecode.swift; path = ModalView.swift; sourceTree = "<group>"; };
		5D4B056F283704E700A638A1 /* PushedModalView.swift */ = {isa = PBXFileReference; lastKnownFileType = sourcecode.swift; path = PushedModalView.swift; sourceTree = "<group>"; };
		5D4B05712837051E00A638A1 /* CloseButton.swift */ = {isa = PBXFileReference; lastKnownFileType = sourcecode.swift; path = CloseButton.swift; sourceTree = "<group>"; };
		5D4B05732837058200A638A1 /* DismissibleModalModifiers.swift */ = {isa = PBXFileReference; lastKnownFileType = sourcecode.swift; path = DismissibleModalModifiers.swift; sourceTree = "<group>"; };
/* End PBXFileReference section */

/* Begin PBXFrameworksBuildPhase section */
		5D4B0559283701E500A638A1 /* Frameworks */ = {
			isa = PBXFrameworksBuildPhase;
			buildActionMask = 2147483647;
			files = (
			);
			runOnlyForDeploymentPostprocessing = 0;
		};
/* End PBXFrameworksBuildPhase section */

/* Begin PBXGroup section */
		5D4B0553283701E500A638A1 = {
			isa = PBXGroup;
			children = (
				5D4B055E283701E500A638A1 /* DismissibleModal */,
				5D4B055D283701E500A638A1 /* Products */,
			);
			sourceTree = "<group>";
		};
		5D4B055D283701E500A638A1 /* Products */ = {
			isa = PBXGroup;
			children = (
				5D4B055C283701E500A638A1 /* DismissibleModal.app */,
			);
			name = Products;
			sourceTree = "<group>";
		};
		5D4B055E283701E500A638A1 /* DismissibleModal */ = {
			isa = PBXGroup;
			children = (
				5D4B05712837051E00A638A1 /* CloseButton.swift */,
				5D4B0561283701E500A638A1 /* ContentView.swift */,
				5D4B055F283701E500A638A1 /* DismissibleModalApp.swift */,
				5D4B05732837058200A638A1 /* DismissibleModalModifiers.swift */,
				5D4B056D283704AE00A638A1 /* ModalView.swift */,
				5D4B056F283704E700A638A1 /* PushedModalView.swift */,
				5D4B0563283701EB00A638A1 /* Assets.xcassets */,
				5D4B0565283701EB00A638A1 /* Preview Content */,
			);
			path = DismissibleModal;
			sourceTree = "<group>";
		};
		5D4B0565283701EB00A638A1 /* Preview Content */ = {
			isa = PBXGroup;
			children = (
				5D4B0566283701EB00A638A1 /* Preview Assets.xcassets */,
			);
			path = "Preview Content";
			sourceTree = "<group>";
		};
/* End PBXGroup section */

/* Begin PBXNativeTarget section */
		5D4B055B283701E500A638A1 /* DismissibleModal */ = {
			isa = PBXNativeTarget;
			buildConfigurationList = 5D4B056A283701EB00A638A1 /* Build configuration list for PBXNativeTarget "DismissibleModal" */;
			buildPhases = (
				5D4B0558283701E500A638A1 /* Sources */,
				5D4B0559283701E500A638A1 /* Frameworks */,
				5D4B055A283701E500A638A1 /* Resources */,
			);
			buildRules = (
			);
			dependencies = (
			);
			name = DismissibleModal;
			productName = DismissibleModal;
			productReference = 5D4B055C283701E500A638A1 /* DismissibleModal.app */;
			productType = "com.apple.product-type.application";
		};
/* End PBXNativeTarget section */

/* Begin PBXProject section */
		5D4B0554283701E500A638A1 /* Project object */ = {
			isa = PBXProject;
			attributes = {
				BuildIndependentTargetsInParallel = 1;
				LastSwiftUpdateCheck = 1340;
				LastUpgradeCheck = 1340;
				TargetAttributes = {
					5D4B055B283701E500A638A1 = {
						CreatedOnToolsVersion = 13.4;
					};
				};
			};
			buildConfigurationList = 5D4B0557283701E500A638A1 /* Build configuration list for PBXProject "DismissibleModal" */;
			compatibilityVersion = "Xcode 13.0";
			developmentRegion = en;
			hasScannedForEncodings = 0;
			knownRegions = (
				en,
				Base,
			);
			mainGroup = 5D4B0553283701E500A638A1;
			productRefGroup = 5D4B055D283701E500A638A1 /* Products */;
			projectDirPath = "";
			projectRoot = "";
			targets = (
				5D4B055B283701E500A638A1 /* DismissibleModal */,
			);
		};
/* End PBXProject section */

/* Begin PBXResourcesBuildPhase section */
		5D4B055A283701E500A638A1 /* Resources */ = {
			isa = PBXResourcesBuildPhase;
			buildActionMask = 2147483647;
			files = (
				5D4B0567283701EB00A638A1 /* Preview Assets.xcassets in Resources */,
				5D4B0564283701EB00A638A1 /* Assets.xcassets in Resources */,
			);
			runOnlyForDeploymentPostprocessing = 0;
		};
/* End PBXResourcesBuildPhase section */

/* Begin PBXSourcesBuildPhase section */
		5D4B0558283701E500A638A1 /* Sources */ = {
			isa = PBXSourcesBuildPhase;
			buildActionMask = 2147483647;
			files = (
				5D4B05722837051E00A638A1 /* CloseButton.swift in Sources */,
				5D4B056E283704AE00A638A1 /* ModalView.swift in Sources */,
				5D4B0562283701E500A638A1 /* ContentView.swift in Sources */,
				5D4B0560283701E500A638A1 /* DismissibleModalApp.swift in Sources */,
				5D4B0570283704E700A638A1 /* PushedModalView.swift in Sources */,
				5D4B05742837058200A638A1 /* DismissibleModalModifiers.swift in Sources */,
			);
			runOnlyForDeploymentPostprocessing = 0;
		};
/* End PBXSourcesBuildPhase section */

/* Begin XCBuildConfiguration section */
		5D4B0568283701EB00A638A1 /* Debug */ = {
			isa = XCBuildConfiguration;
			buildSettings = {
				ALWAYS_SEARCH_USER_PATHS = NO;
				CLANG_ANALYZER_NONNULL = YES;
				CLANG_ANALYZER_NUMBER_OBJECT_CONVERSION = YES_AGGRESSIVE;
				CLANG_CXX_LANGUAGE_STANDARD = "gnu++17";
				CLANG_ENABLE_MODULES = YES;
				CLANG_ENABLE_OBJC_ARC = YES;
				CLANG_ENABLE_OBJC_WEAK = YES;
				CLANG_WARN_BLOCK_CAPTURE_AUTORELEASING = YES;
				CLANG_WARN_BOOL_CONVERSION = YES;
				CLANG_WARN_COMMA = YES;
				CLANG_WARN_CONSTANT_CONVERSION = YES;
				CLANG_WARN_DEPRECATED_OBJC_IMPLEMENTATIONS = YES;
				CLANG_WARN_DIRECT_OBJC_ISA_USAGE = YES_ERROR;
				CLANG_WARN_DOCUMENTATION_COMMENTS = YES;
				CLANG_WARN_EMPTY_BODY = YES;
				CLANG_WARN_ENUM_CONVERSION = YES;
				CLANG_WARN_INFINITE_RECURSION = YES;
				CLANG_WARN_INT_CONVERSION = YES;
				CLANG_WARN_NON_LITERAL_NULL_CONVERSION = YES;
				CLANG_WARN_OBJC_IMPLICIT_RETAIN_SELF = YES;
				CLANG_WARN_OBJC_LITERAL_CONVERSION = YES;
				CLANG_WARN_OBJC_ROOT_CLASS = YES_ERROR;
				CLANG_WARN_QUOTED_INCLUDE_IN_FRAMEWORK_HEADER = YES;
				CLANG_WARN_RANGE_LOOP_ANALYSIS = YES;
				CLANG_WARN_STRICT_PROTOTYPES = YES;
				CLANG_WARN_SUSPICIOUS_MOVE = YES;
				CLANG_WARN_UNGUARDED_AVAILABILITY = YES_AGGRESSIVE;
				CLANG_WARN_UNREACHABLE_CODE = YES;
				CLANG_WARN__DUPLICATE_METHOD_MATCH = YES;
				COPY_PHASE_STRIP = NO;
				DEBUG_INFORMATION_FORMAT = dwarf;
				ENABLE_STRICT_OBJC_MSGSEND = YES;
				ENABLE_TESTABILITY = YES;
				GCC_C_LANGUAGE_STANDARD = gnu11;
				GCC_DYNAMIC_NO_PIC = NO;
				GCC_NO_COMMON_BLOCKS = YES;
				GCC_OPTIMIZATION_LEVEL = 0;
				GCC_PREPROCESSOR_DEFINITIONS = (
					"DEBUG=1",
					"$(inherited)",
				);
				GCC_WARN_64_TO_32_BIT_CONVERSION = YES;
				GCC_WARN_ABOUT_RETURN_TYPE = YES_ERROR;
				GCC_WARN_UNDECLARED_SELECTOR = YES;
				GCC_WARN_UNINITIALIZED_AUTOS = YES_AGGRESSIVE;
				GCC_WARN_UNUSED_FUNCTION = YES;
				GCC_WARN_UNUSED_VARIABLE = YES;
				IPHONEOS_DEPLOYMENT_TARGET = 15.5;
				MTL_ENABLE_DEBUG_INFO = INCLUDE_SOURCE;
				MTL_FAST_MATH = YES;
				ONLY_ACTIVE_ARCH = YES;
				SDKROOT = iphoneos;
				SWIFT_ACTIVE_COMPILATION_CONDITIONS = DEBUG;
				SWIFT_OPTIMIZATION_LEVEL = "-Onone";
			};
			name = Debug;
		};
		5D4B0569283701EB00A638A1 /* Release */ = {
			isa = XCBuildConfiguration;
			buildSettings = {
				ALWAYS_SEARCH_USER_PATHS = NO;
				CLANG_ANALYZER_NONNULL = YES;
				CLANG_ANALYZER_NUMBER_OBJECT_CONVERSION = YES_AGGRESSIVE;
				CLANG_CXX_LANGUAGE_STANDARD = "gnu++17";
				CLANG_ENABLE_MODULES = YES;
				CLANG_ENABLE_OBJC_ARC = YES;
				CLANG_ENABLE_OBJC_WEAK = YES;
				CLANG_WARN_BLOCK_CAPTURE_AUTORELEASING = YES;
				CLANG_WARN_BOOL_CONVERSION = YES;
				CLANG_WARN_COMMA = YES;
				CLANG_WARN_CONSTANT_CONVERSION = YES;
				CLANG_WARN_DEPRECATED_OBJC_IMPLEMENTATIONS = YES;
				CLANG_WARN_DIRECT_OBJC_ISA_USAGE = YES_ERROR;
				CLANG_WARN_DOCUMENTATION_COMMENTS = YES;
				CLANG_WARN_EMPTY_BODY = YES;
				CLANG_WARN_ENUM_CONVERSION = YES;
				CLANG_WARN_INFINITE_RECURSION = YES;
				CLANG_WARN_INT_CONVERSION = YES;
				CLANG_WARN_NON_LITERAL_NULL_CONVERSION = YES;
				CLANG_WARN_OBJC_IMPLICIT_RETAIN_SELF = YES;
				CLANG_WARN_OBJC_LITERAL_CONVERSION = YES;
				CLANG_WARN_OBJC_ROOT_CLASS = YES_ERROR;
				CLANG_WARN_QUOTED_INCLUDE_IN_FRAMEWORK_HEADER = YES;
				CLANG_WARN_RANGE_LOOP_ANALYSIS = YES;
				CLANG_WARN_STRICT_PROTOTYPES = YES;
				CLANG_WARN_SUSPICIOUS_MOVE = YES;
				CLANG_WARN_UNGUARDED_AVAILABILITY = YES_AGGRESSIVE;
				CLANG_WARN_UNREACHABLE_CODE = YES;
				CLANG_WARN__DUPLICATE_METHOD_MATCH = YES;
				COPY_PHASE_STRIP = NO;
				DEBUG_INFORMATION_FORMAT = "dwarf-with-dsym";
				ENABLE_NS_ASSERTIONS = NO;
				ENABLE_STRICT_OBJC_MSGSEND = YES;
				GCC_C_LANGUAGE_STANDARD = gnu11;
				GCC_NO_COMMON_BLOCKS = YES;
				GCC_WARN_64_TO_32_BIT_CONVERSION = YES;
				GCC_WARN_ABOUT_RETURN_TYPE = YES_ERROR;
				GCC_WARN_UNDECLARED_SELECTOR = YES;
				GCC_WARN_UNINITIALIZED_AUTOS = YES_AGGRESSIVE;
				GCC_WARN_UNUSED_FUNCTION = YES;
				GCC_WARN_UNUSED_VARIABLE = YES;
				IPHONEOS_DEPLOYMENT_TARGET = 15.5;
				MTL_ENABLE_DEBUG_INFO = NO;
				MTL_FAST_MATH = YES;
				SDKROOT = iphoneos;
				SWIFT_COMPILATION_MODE = wholemodule;
				SWIFT_OPTIMIZATION_LEVEL = "-O";
				VALIDATE_PRODUCT = YES;
			};
			name = Release;
		};
		5D4B056B283701EB00A638A1 /* Debug */ = {
			isa = XCBuildConfiguration;
			buildSettings = {
				ASSETCATALOG_COMPILER_APPICON_NAME = AppIcon;
				ASSETCATALOG_COMPILER_GLOBAL_ACCENT_COLOR_NAME = AccentColor;
				CODE_SIGN_STYLE = Automatic;
				CURRENT_PROJECT_VERSION = 1;
				DEVELOPMENT_ASSET_PATHS = "\"DismissibleModal/Preview Content\"";
				DEVELOPMENT_TEAM = 8B622Z7JWL;
				ENABLE_PREVIEWS = YES;
				GENERATE_INFOPLIST_FILE = YES;
				INFOPLIST_KEY_UIApplicationSceneManifest_Generation = YES;
				INFOPLIST_KEY_UIApplicationSupportsIndirectInputEvents = YES;
				INFOPLIST_KEY_UILaunchScreen_Generation = YES;
				INFOPLIST_KEY_UISupportedInterfaceOrientations_iPad = "UIInterfaceOrientationPortrait UIInterfaceOrientationPortraitUpsideDown UIInterfaceOrientationLandscapeLeft UIInterfaceOrientationLandscapeRight";
				INFOPLIST_KEY_UISupportedInterfaceOrientations_iPhone = "UIInterfaceOrientationPortrait UIInterfaceOrientationLandscapeLeft UIInterfaceOrientationLandscapeRight";
				IPHONEOS_DEPLOYMENT_TARGET = 14.0;
				LD_RUNPATH_SEARCH_PATHS = (
					"$(inherited)",
					"@executable_path/Frameworks",
				);
				MARKETING_VERSION = 1.0;
				PRODUCT_BUNDLE_IDENTIFIER = com.josh.shroyer.SwiftUI.DismissibleModal;
				PRODUCT_NAME = "$(TARGET_NAME)";
				SWIFT_EMIT_LOC_STRINGS = YES;
				SWIFT_VERSION = 5.0;
				TARGETED_DEVICE_FAMILY = "1,2";
			};
			name = Debug;
		};
		5D4B056C283701EB00A638A1 /* Release */ = {
			isa = XCBuildConfiguration;
			buildSettings = {
				ASSETCATALOG_COMPILER_APPICON_NAME = AppIcon;
				ASSETCATALOG_COMPILER_GLOBAL_ACCENT_COLOR_NAME = AccentColor;
				CODE_SIGN_STYLE = Automatic;
				CURRENT_PROJECT_VERSION = 1;
				DEVELOPMENT_ASSET_PATHS = "\"DismissibleModal/Preview Content\"";
				DEVELOPMENT_TEAM = 8B622Z7JWL;
				ENABLE_PREVIEWS = YES;
				GENERATE_INFOPLIST_FILE = YES;
				INFOPLIST_KEY_UIApplicationSceneManifest_Generation = YES;
				INFOPLIST_KEY_UIApplicationSupportsIndirectInputEvents = YES;
				INFOPLIST_KEY_UILaunchScreen_Generation = YES;
				INFOPLIST_KEY_UISupportedInterfaceOrientations_iPad = "UIInterfaceOrientationPortrait UIInterfaceOrientationPortraitUpsideDown UIInterfaceOrientationLandscapeLeft UIInterfaceOrientationLandscapeRight";
				INFOPLIST_KEY_UISupportedInterfaceOrientations_iPhone = "UIInterfaceOrientationPortrait UIInterfaceOrientationLandscapeLeft UIInterfaceOrientationLandscapeRight";
				IPHONEOS_DEPLOYMENT_TARGET = 14.0;
				LD_RUNPATH_SEARCH_PATHS = (
					"$(inherited)",
					"@executable_path/Frameworks",
				);
				MARKETING_VERSION = 1.0;
				PRODUCT_BUNDLE_IDENTIFIER = com.josh.shroyer.SwiftUI.DismissibleModal;
				PRODUCT_NAME = "$(TARGET_NAME)";
				SWIFT_EMIT_LOC_STRINGS = YES;
				SWIFT_VERSION = 5.0;
				TARGETED_DEVICE_FAMILY = "1,2";
			};
			name = Release;
		};
/* End XCBuildConfiguration section */

/* Begin XCConfigurationList section */
		5D4B0557283701E500A638A1 /* Build configuration list for PBXProject "DismissibleModal" */ = {
			isa = XCConfigurationList;
			buildConfigurations = (
				5D4B0568283701EB00A638A1 /* Debug */,
				5D4B0569283701EB00A638A1 /* Release */,
			);
			defaultConfigurationIsVisible = 0;
			defaultConfigurationName = Release;
		};
		5D4B056A283701EB00A638A1 /* Build configuration list for PBXNativeTarget "DismissibleModal" */ = {
			isa = XCConfigurationList;
			buildConfigurations = (
				5D4B056B283701EB00A638A1 /* Debug */,
				5D4B056C283701EB00A638A1 /* Release */,
			);
			defaultConfigurationIsVisible = 0;
			defaultConfigurationName = Release;
		};
/* End XCConfigurationList section */
	};
	rootObject = 5D4B0554283701E500A638A1 /* Project object */;
}
